
Microsoft Visual Studio Solution File, Format Version 12.00
# Visual Studio 2015
Project("{FAE04EC0-301F-11D3-BF4B-00C04F79EFBC}") = "TankYouComeAgain", "TankYouComeAgain.csproj", "{1BB322CC-DEEC-E3AF-E4DA-4C5950988870}"
EndProject
Project("{FAE04EC0-301F-11D3-BF4B-00C04F79EFBC}") = "TankYouComeAgain.Editor", "TankYouComeAgain.Editor.csproj", "{7ABFC990-77E2-B3D0-7587-7A22C4EF6548}"
EndProject
Global
	GlobalSection(SolutionConfigurationPlatforms) = preSolution
		Debug|Any CPU = Debug|Any CPU
		Release|Any CPU = Release|Any CPU
	EndGlobalSection
	GlobalSection(ProjectConfigurationPlatforms) = postSolution
		{1BB322CC-DEEC-E3AF-E4DA-4C5950988870}.Debug|Any CPU.ActiveCfg = Debug|Any CPU
		{1BB322CC-DEEC-E3AF-E4DA-4C5950988870}.Debug|Any CPU.Build.0 = Debug|Any CPU
		{1BB322CC-DEEC-E3AF-E4DA-4C5950988870}.Release|Any CPU.ActiveCfg = Release|Any CPU
		{1BB322CC-DEEC-E3AF-E4DA-4C5950988870}.Release|Any CPU.Build.0 = Release|Any CPU
		{7ABFC990-77E2-B3D0-7587-7A22C4EF6548}.Debug|Any CPU.ActiveCfg = Debug|Any CPU
		{7ABFC990-77E2-B3D0-7587-7A22C4EF6548}.Debug|Any CPU.Build.0 = Debug|Any CPU
		{7ABFC990-77E2-B3D0-7587-7A22C4EF6548}.Release|Any CPU.ActiveCfg = Release|Any CPU
		{7ABFC990-77E2-B3D0-7587-7A22C4EF6548}.Release|Any CPU.Build.0 = Release|Any CPU
	EndGlobalSection
	GlobalSection(SolutionProperties) = preSolution
		HideSolutionNode = FALSE
	EndGlobalSection
EndGlobal
